
Microsoft Visual Studio Solution File, Format Version 12.00
# Visual Studio Version 17
VisualStudioVersion = 17.7.34202.233
MinimumVisualStudioVersion = 10.0.40219.1
Project("{9A19103F-16F7-4668-BE54-9A1E7A4F7556}") = "TechStore", "TechStore\TechStore.csproj", "{C359AA21-474C-4B51-BD41-3D2977E2F8CD}"
EndProject
Global
	GlobalSection(SolutionConfigurationPlatforms) = preSolution
		Debug|Any CPU = Debug|Any CPU
		Release|Any CPU = Release|Any CPU
	EndGlobalSection
	GlobalSection(ProjectConfigurationPlatforms) = postSolution
		{C359AA21-474C-4B51-BD41-3D2977E2F8CD}.Debug|Any CPU.ActiveCfg = Debug|Any CPU
		{C359AA21-474C-4B51-BD41-3D2977E2F8CD}.Debug|Any CPU.Build.0 = Debug|Any CPU
		{C359AA21-474C-4B51-BD41-3D2977E2F8CD}.Release|Any CPU.ActiveCfg = Release|Any CPU
		{C359AA21-474C-4B51-BD41-3D2977E2F8CD}.Release|Any CPU.Build.0 = Release|Any CPU
	EndGlobalSection
	GlobalSection(SolutionProperties) = preSolution
		HideSolutionNode = FALSE
	EndGlobalSection
	GlobalSection(ExtensibilityGlobals) = postSolution
		SolutionGuid = {15BC8FD2-969F-4432-9C57-2BB44B41BCF5}
	EndGlobalSection
EndGlobal
